
Microsoft Visual Studio Solution File, Format Version 12.00
# Visual Studio Version 16
VisualStudioVersion = 16.0.31004.235
MinimumVisualStudioVersion = 10.0.40219.1
Project("{9A19103F-16F7-4668-BE54-9A1E7A4F7556}") = "code", "code.csproj", "{4AB17F72-D09E-467B-9A15-D446DC428AE3}"
EndProject
Global
	GlobalSection(SolutionConfigurationPlatforms) = preSolution
		Debug|Any CPU = Debug|Any CPU
		Release|Any CPU = Release|Any CPU
	EndGlobalSection
	GlobalSection(ProjectConfigurationPlatforms) = postSolution
		{4AB17F72-D09E-467B-9A15-D446DC428AE3}.Debug|Any CPU.ActiveCfg = Debug|Any CPU
		{4AB17F72-D09E-467B-9A15-D446DC428AE3}.Debug|Any CPU.Build.0 = Debug|Any CPU
		{4AB17F72-D09E-467B-9A15-D446DC428AE3}.Release|Any CPU.ActiveCfg = Release|Any CPU
		{4AB17F72-D09E-467B-9A15-D446DC428AE3}.Release|Any CPU.Build.0 = Release|Any CPU
	EndGlobalSection
	GlobalSection(SolutionProperties) = preSolution
		HideSolutionNode = FALSE
	EndGlobalSection
	GlobalSection(ExtensibilityGlobals) = postSolution
		SolutionGuid = {EC1D0F9B-E88C-4023-B360-C8A0722727BA}
	EndGlobalSection
EndGlobal
